
Microsoft Visual Studio Solution File, Format Version 12.00
# Visual Studio Version 16
VisualStudioVersion = 16.0.32126.315
MinimumVisualStudioVersion = 10.0.40219.1
Project("{FAE04EC0-301F-11D3-BF4B-00C04F79EFBC}") = "CrudInAsp.netMVC", "CrudInAsp.netMVC.csproj", "{3E6861EC-D629-4A5D-B511-A073C37C5831}"
EndProject
Global
	GlobalSection(SolutionConfigurationPlatforms) = preSolution
		Debug|Any CPU = Debug|Any CPU
		Release|Any CPU = Release|Any CPU
	EndGlobalSection
	GlobalSection(ProjectConfigurationPlatforms) = postSolution
		{3E6861EC-D629-4A5D-B511-A073C37C5831}.Debug|Any CPU.ActiveCfg = Debug|Any CPU
		{3E6861EC-D629-4A5D-B511-A073C37C5831}.Debug|Any CPU.Build.0 = Debug|Any CPU
		{3E6861EC-D629-4A5D-B511-A073C37C5831}.Release|Any CPU.ActiveCfg = Release|Any CPU
		{3E6861EC-D629-4A5D-B511-A073C37C5831}.Release|Any CPU.Build.0 = Release|Any CPU
	EndGlobalSection
	GlobalSection(SolutionProperties) = preSolution
		HideSolutionNode = FALSE
	EndGlobalSection
	GlobalSection(ExtensibilityGlobals) = postSolution
		SolutionGuid = {25163CB6-CB8F-42CF-9BBF-97AEDDBCEDF4}
	EndGlobalSection
EndGlobal
